
Microsoft Visual Studio Solution File, Format Version 12.00
# Visual Studio Version 17
VisualStudioVersion = 17.4.33122.133
MinimumVisualStudioVersion = 10.0.40219.1
Project("{FAE04EC0-301F-11D3-BF4B-00C04F79EFBC}") = "Messenger", "Messenger\Messenger.csproj", "{69247480-7B24-464D-B5B1-463D7DE4E393}"
EndProject
Global
	GlobalSection(SolutionConfigurationPlatforms) = preSolution
		Debug|Any CPU = Debug|Any CPU
		Release|Any CPU = Release|Any CPU
	EndGlobalSection
	GlobalSection(ProjectConfigurationPlatforms) = postSolution
		{69247480-7B24-464D-B5B1-463D7DE4E393}.Debug|Any CPU.ActiveCfg = Debug|Any CPU
		{69247480-7B24-464D-B5B1-463D7DE4E393}.Debug|Any CPU.Build.0 = Debug|Any CPU
		{69247480-7B24-464D-B5B1-463D7DE4E393}.Release|Any CPU.ActiveCfg = Release|Any CPU
		{69247480-7B24-464D-B5B1-463D7DE4E393}.Release|Any CPU.Build.0 = Release|Any CPU
	EndGlobalSection
	GlobalSection(SolutionProperties) = preSolution
		HideSolutionNode = FALSE
	EndGlobalSection
	GlobalSection(ExtensibilityGlobals) = postSolution
		SolutionGuid = {86B62116-1756-4734-86F1-A9700916ACC1}
	EndGlobalSection
EndGlobal
